
Microsoft Visual Studio Solution File, Format Version 12.00
# Visual Studio Version 17
VisualStudioVersion = 17.13.35931.197 d17.13
MinimumVisualStudioVersion = 10.0.40219.1
Project("{FAE04EC0-301F-11D3-BF4B-00C04F79EFBC}") = "The IT book online shop", "The IT book online shop.csproj", "{1F6FF25F-0896-46A5-8A2E-51B1A74D1EC3}"
EndProject
Global
	GlobalSection(SolutionConfigurationPlatforms) = preSolution
		Debug|Any CPU = Debug|Any CPU
		Release|Any CPU = Release|Any CPU
	EndGlobalSection
	GlobalSection(ProjectConfigurationPlatforms) = postSolution
		{1F6FF25F-0896-46A5-8A2E-51B1A74D1EC3}.Debug|Any CPU.ActiveCfg = Debug|Any CPU
		{1F6FF25F-0896-46A5-8A2E-51B1A74D1EC3}.Debug|Any CPU.Build.0 = Debug|Any CPU
		{1F6FF25F-0896-46A5-8A2E-51B1A74D1EC3}.Release|Any CPU.ActiveCfg = Release|Any CPU
		{1F6FF25F-0896-46A5-8A2E-51B1A74D1EC3}.Release|Any CPU.Build.0 = Release|Any CPU
	EndGlobalSection
	GlobalSection(SolutionProperties) = preSolution
		HideSolutionNode = FALSE
	EndGlobalSection
	GlobalSection(ExtensibilityGlobals) = postSolution
		SolutionGuid = {CD0B22E6-FD7A-4428-828A-F84875743BBF}
	EndGlobalSection
EndGlobal
